
Microsoft Visual Studio Solution File, Format Version 12.00
# Visual Studio 15
VisualStudioVersion = 15.0.27130.2036
MinimumVisualStudioVersion = 10.0.40219.1
Project("{FAE04EC0-301F-11D3-BF4B-00C04F79EFBC}") = "To-DoHub", "To-DoHub\To-DoHub.csproj", "{7B5AEDCD-408F-47CA-A14D-57CE3AFF6823}"
EndProject
Project("{2150E333-8FDC-42A3-9474-1A3956D46DE8}") = "Readme", "Readme", "{2F879468-4788-49B7-AE8E-DF7C1389C308}"
	ProjectSection(SolutionItems) = preProject
		Readme.md = Readme.md
	EndProjectSection
EndProject
Global
	GlobalSection(SolutionConfigurationPlatforms) = preSolution
		Debug|Any CPU = Debug|Any CPU
		Release|Any CPU = Release|Any CPU
	EndGlobalSection
	GlobalSection(ProjectConfigurationPlatforms) = postSolution
		{7B5AEDCD-408F-47CA-A14D-57CE3AFF6823}.Debug|Any CPU.ActiveCfg = Debug|Any CPU
		{7B5AEDCD-408F-47CA-A14D-57CE3AFF6823}.Debug|Any CPU.Build.0 = Debug|Any CPU
		{7B5AEDCD-408F-47CA-A14D-57CE3AFF6823}.Release|Any CPU.ActiveCfg = Release|Any CPU
		{7B5AEDCD-408F-47CA-A14D-57CE3AFF6823}.Release|Any CPU.Build.0 = Release|Any CPU
	EndGlobalSection
	GlobalSection(SolutionProperties) = preSolution
		HideSolutionNode = FALSE
	EndGlobalSection
	GlobalSection(ExtensibilityGlobals) = postSolution
		SolutionGuid = {8488D738-FCE3-4208-A9D5-B82EF12F23A9}
	EndGlobalSection
EndGlobal
